
Microsoft Visual Studio Solution File, Format Version 12.00
# Visual Studio Version 17
VisualStudioVersion = 17.12.35527.113
MinimumVisualStudioVersion = 10.0.40219.1
Project("{9A19103F-16F7-4668-BE54-9A1E7A4F7556}") = "TDMDEindopdracht", "TDMDEindopdracht\TDMDEindopdracht.csproj", "{9959182A-75CF-4F9C-8D4E-7F61B245AD5C}"
EndProject
Project("{FAE04EC0-301F-11D3-BF4B-00C04F79EFBC}") = "UnitTest1", "UnitTest1\UnitTest1.csproj", "{30E5B6E4-7E96-4EB7-9171-F750E4ABD55C}"
EndProject
Global
	GlobalSection(SolutionConfigurationPlatforms) = preSolution
		Debug|Any CPU = Debug|Any CPU
		Release|Any CPU = Release|Any CPU
	EndGlobalSection
	GlobalSection(ProjectConfigurationPlatforms) = postSolution
		{9959182A-75CF-4F9C-8D4E-7F61B245AD5C}.Debug|Any CPU.ActiveCfg = Debug|Any CPU
		{9959182A-75CF-4F9C-8D4E-7F61B245AD5C}.Debug|Any CPU.Build.0 = Debug|Any CPU
		{9959182A-75CF-4F9C-8D4E-7F61B245AD5C}.Debug|Any CPU.Deploy.0 = Debug|Any CPU
		{9959182A-75CF-4F9C-8D4E-7F61B245AD5C}.Release|Any CPU.ActiveCfg = Release|Any CPU
		{9959182A-75CF-4F9C-8D4E-7F61B245AD5C}.Release|Any CPU.Build.0 = Release|Any CPU
		{9959182A-75CF-4F9C-8D4E-7F61B245AD5C}.Release|Any CPU.Deploy.0 = Release|Any CPU
		{30E5B6E4-7E96-4EB7-9171-F750E4ABD55C}.Debug|Any CPU.ActiveCfg = Debug|Any CPU
		{30E5B6E4-7E96-4EB7-9171-F750E4ABD55C}.Debug|Any CPU.Build.0 = Debug|Any CPU
		{30E5B6E4-7E96-4EB7-9171-F750E4ABD55C}.Release|Any CPU.ActiveCfg = Release|Any CPU
		{30E5B6E4-7E96-4EB7-9171-F750E4ABD55C}.Release|Any CPU.Build.0 = Release|Any CPU
	EndGlobalSection
	GlobalSection(SolutionProperties) = preSolution
		HideSolutionNode = FALSE
	EndGlobalSection
	GlobalSection(ExtensibilityGlobals) = postSolution
		SolutionGuid = {8301146E-7B53-4484-AF91-B026815E14E8}
	EndGlobalSection
EndGlobal
